
Microsoft Visual Studio Solution File, Format Version 12.00
# Visual Studio 15
VisualStudioVersion = 15.0.27703.1
MinimumVisualStudioVersion = 10.0.40219.1
Project("{FAE04EC0-301F-11D3-BF4B-00C04F79EFBC}") = "Auth0PlayingAround", "Auth0PlayingAround\Auth0PlayingAround.csproj", "{C200EC49-C658-4794-A87B-1E9F8D8E8C8D}"
EndProject
Global
	GlobalSection(SolutionConfigurationPlatforms) = preSolution
		Debug|Any CPU = Debug|Any CPU
		Release|Any CPU = Release|Any CPU
	EndGlobalSection
	GlobalSection(ProjectConfigurationPlatforms) = postSolution
		{C200EC49-C658-4794-A87B-1E9F8D8E8C8D}.Debug|Any CPU.ActiveCfg = Debug|Any CPU
		{C200EC49-C658-4794-A87B-1E9F8D8E8C8D}.Debug|Any CPU.Build.0 = Debug|Any CPU
		{C200EC49-C658-4794-A87B-1E9F8D8E8C8D}.Release|Any CPU.ActiveCfg = Release|Any CPU
		{C200EC49-C658-4794-A87B-1E9F8D8E8C8D}.Release|Any CPU.Build.0 = Release|Any CPU
	EndGlobalSection
	GlobalSection(SolutionProperties) = preSolution
		HideSolutionNode = FALSE
	EndGlobalSection
	GlobalSection(ExtensibilityGlobals) = postSolution
		SolutionGuid = {1EF52CE3-ED9E-4CC2-BC4A-3AB169143105}
	EndGlobalSection
EndGlobal
